<Solution>
  <Folder Name="/Solution Items/">
    <File Path=".editorconfig" />
    <File Path="Directory.Build.props" />
    <File Path="NuGet.Config" />
  </Folder>
  <Project Path="PP.Toolkit.Operation.Generators/PP.Toolkit.Operation.Generators.csproj" />
  <Project Path="PP.Toolkit.Operation.Tests/PP.Toolkit.Operation.Tests.csproj" Id="42c3f74c-d072-422a-acf7-69c60f95d206" />
  <Project Path="PP.Toolkit.Operation/PP.Toolkit.Operation.csproj" />
</Solution>
